
Microsoft Visual Studio Solution File, Format Version 12.00
# Visual Studio Version 17
VisualStudioVersion = 17.2.32210.308
MinimumVisualStudioVersion = 10.0.40219.1
Project("{9A19103F-16F7-4668-BE54-9A1E7A4F7556}") = "Win.Models", "src\Win.Models\Win.Models.csproj", "{0AB83B89-0AA1-4D6B-8C64-6BF83591FCB3}"
EndProject
Project("{9A19103F-16F7-4668-BE54-9A1E7A4F7556}") = "Win.DAL", "src\Win.DAL\Win.DAL.csproj", "{DF60794E-33F7-43EA-A232-68D8E3546446}"
EndProject
Project("{9A19103F-16F7-4668-BE54-9A1E7A4F7556}") = "Win.Common", "src\Win.Common\Win.Common.csproj", "{745807EF-101B-4D39-823E-1C6D9D3CB2F5}"
EndProject
Project("{9A19103F-16F7-4668-BE54-9A1E7A4F7556}") = "DbTool", "src\DbTool\DbTool.csproj", "{813F4F1F-DF3D-45D8-B732-3D8E3CF8DE44}"
EndProject
Project("{2150E333-8FDC-42A3-9474-1A3956D46DE8}") = "src", "src", "{AFBF0016-2649-4412-9043-99EAF5A8AB1F}"
EndProject
Global
	GlobalSection(SolutionConfigurationPlatforms) = preSolution
		Debug|Any CPU = Debug|Any CPU
		Release|Any CPU = Release|Any CPU
	EndGlobalSection
	GlobalSection(ProjectConfigurationPlatforms) = postSolution
		{0AB83B89-0AA1-4D6B-8C64-6BF83591FCB3}.Debug|Any CPU.ActiveCfg = Debug|Any CPU
		{0AB83B89-0AA1-4D6B-8C64-6BF83591FCB3}.Debug|Any CPU.Build.0 = Debug|Any CPU
		{0AB83B89-0AA1-4D6B-8C64-6BF83591FCB3}.Release|Any CPU.ActiveCfg = Release|Any CPU
		{0AB83B89-0AA1-4D6B-8C64-6BF83591FCB3}.Release|Any CPU.Build.0 = Release|Any CPU
		{DF60794E-33F7-43EA-A232-68D8E3546446}.Debug|Any CPU.ActiveCfg = Debug|Any CPU
		{DF60794E-33F7-43EA-A232-68D8E3546446}.Debug|Any CPU.Build.0 = Debug|Any CPU
		{DF60794E-33F7-43EA-A232-68D8E3546446}.Release|Any CPU.ActiveCfg = Release|Any CPU
		{DF60794E-33F7-43EA-A232-68D8E3546446}.Release|Any CPU.Build.0 = Release|Any CPU
		{745807EF-101B-4D39-823E-1C6D9D3CB2F5}.Debug|Any CPU.ActiveCfg = Debug|Any CPU
		{745807EF-101B-4D39-823E-1C6D9D3CB2F5}.Debug|Any CPU.Build.0 = Debug|Any CPU
		{745807EF-101B-4D39-823E-1C6D9D3CB2F5}.Release|Any CPU.ActiveCfg = Release|Any CPU
		{745807EF-101B-4D39-823E-1C6D9D3CB2F5}.Release|Any CPU.Build.0 = Release|Any CPU
		{813F4F1F-DF3D-45D8-B732-3D8E3CF8DE44}.Debug|Any CPU.ActiveCfg = Debug|Any CPU
		{813F4F1F-DF3D-45D8-B732-3D8E3CF8DE44}.Debug|Any CPU.Build.0 = Debug|Any CPU
		{813F4F1F-DF3D-45D8-B732-3D8E3CF8DE44}.Release|Any CPU.ActiveCfg = Release|Any CPU
		{813F4F1F-DF3D-45D8-B732-3D8E3CF8DE44}.Release|Any CPU.Build.0 = Release|Any CPU
	EndGlobalSection
	GlobalSection(SolutionProperties) = preSolution
		HideSolutionNode = FALSE
	EndGlobalSection
	GlobalSection(NestedProjects) = preSolution
		{0AB83B89-0AA1-4D6B-8C64-6BF83591FCB3} = {AFBF0016-2649-4412-9043-99EAF5A8AB1F}
		{DF60794E-33F7-43EA-A232-68D8E3546446} = {AFBF0016-2649-4412-9043-99EAF5A8AB1F}
		{745807EF-101B-4D39-823E-1C6D9D3CB2F5} = {AFBF0016-2649-4412-9043-99EAF5A8AB1F}
		{813F4F1F-DF3D-45D8-B732-3D8E3CF8DE44} = {AFBF0016-2649-4412-9043-99EAF5A8AB1F}
	EndGlobalSection
	GlobalSection(ExtensibilityGlobals) = postSolution
		SolutionGuid = {9617CA09-BA45-4DDE-988C-84DA6AEBF30B}
	EndGlobalSection
EndGlobal
